
Microsoft Visual Studio Solution File, Format Version 12.00
# Visual Studio Version 16
VisualStudioVersion = 16.0.29306.81
MinimumVisualStudioVersion = 10.0.40219.1
Project("{FAE04EC0-301F-11D3-BF4B-00C04F79EFBC}") = "Stagisti", "Stagisti\Stagisti.csproj", "{FAE134E7-5363-43D4-8DE7-5C7A79CDCD90}"
EndProject
Global
	GlobalSection(SolutionConfigurationPlatforms) = preSolution
		Debug|Any CPU = Debug|Any CPU
		Release|Any CPU = Release|Any CPU
	EndGlobalSection
	GlobalSection(ProjectConfigurationPlatforms) = postSolution
		{FAE134E7-5363-43D4-8DE7-5C7A79CDCD90}.Debug|Any CPU.ActiveCfg = Debug|Any CPU
		{FAE134E7-5363-43D4-8DE7-5C7A79CDCD90}.Debug|Any CPU.Build.0 = Debug|Any CPU
		{FAE134E7-5363-43D4-8DE7-5C7A79CDCD90}.Release|Any CPU.ActiveCfg = Release|Any CPU
		{FAE134E7-5363-43D4-8DE7-5C7A79CDCD90}.Release|Any CPU.Build.0 = Release|Any CPU
	EndGlobalSection
	GlobalSection(SolutionProperties) = preSolution
		HideSolutionNode = FALSE
	EndGlobalSection
	GlobalSection(ExtensibilityGlobals) = postSolution
		SolutionGuid = {723DFFDE-83C8-4F94-8B55-C1C8EEDD6B86}
	EndGlobalSection
EndGlobal
