
Microsoft Visual Studio Solution File, Format Version 12.00
# Visual Studio Version 16
VisualStudioVersion = 16.0.29306.81
MinimumVisualStudioVersion = 10.0.40219.1
Project("{FAE04EC0-301F-11D3-BF4B-00C04F79EFBC}") = "Userl Control", "Userl Control\Userl Control.csproj", "{C299FAB9-778F-4DBC-B5B2-199F02EDA2B0}"
EndProject
Global
	GlobalSection(SolutionConfigurationPlatforms) = preSolution
		Debug|Any CPU = Debug|Any CPU
		Release|Any CPU = Release|Any CPU
	EndGlobalSection
	GlobalSection(ProjectConfigurationPlatforms) = postSolution
		{C299FAB9-778F-4DBC-B5B2-199F02EDA2B0}.Debug|Any CPU.ActiveCfg = Debug|Any CPU
		{C299FAB9-778F-4DBC-B5B2-199F02EDA2B0}.Debug|Any CPU.Build.0 = Debug|Any CPU
		{C299FAB9-778F-4DBC-B5B2-199F02EDA2B0}.Release|Any CPU.ActiveCfg = Release|Any CPU
		{C299FAB9-778F-4DBC-B5B2-199F02EDA2B0}.Release|Any CPU.Build.0 = Release|Any CPU
	EndGlobalSection
	GlobalSection(SolutionProperties) = preSolution
		HideSolutionNode = FALSE
	EndGlobalSection
	GlobalSection(ExtensibilityGlobals) = postSolution
		SolutionGuid = {477D3D04-4439-44A9-9CD2-A4AB8D8EEFBF}
	EndGlobalSection
EndGlobal
