
Microsoft Visual Studio Solution File, Format Version 12.00
# Visual Studio Version 16
VisualStudioVersion = 16.0.30011.22
MinimumVisualStudioVersion = 10.0.40219.1
Project("{FAE04EC0-301F-11D3-BF4B-00C04F79EFBC}") = "22-Scopa", "22-Scopa\22-Scopa.csproj", "{3509AFF8-ECD9-4E5E-8FA8-80A36BE7E27C}"
EndProject
Global
	GlobalSection(SolutionConfigurationPlatforms) = preSolution
		Debug|Any CPU = Debug|Any CPU
		Release|Any CPU = Release|Any CPU
	EndGlobalSection
	GlobalSection(ProjectConfigurationPlatforms) = postSolution
		{3509AFF8-ECD9-4E5E-8FA8-80A36BE7E27C}.Debug|Any CPU.ActiveCfg = Debug|Any CPU
		{3509AFF8-ECD9-4E5E-8FA8-80A36BE7E27C}.Debug|Any CPU.Build.0 = Debug|Any CPU
		{3509AFF8-ECD9-4E5E-8FA8-80A36BE7E27C}.Release|Any CPU.ActiveCfg = Release|Any CPU
		{3509AFF8-ECD9-4E5E-8FA8-80A36BE7E27C}.Release|Any CPU.Build.0 = Release|Any CPU
	EndGlobalSection
	GlobalSection(SolutionProperties) = preSolution
		HideSolutionNode = FALSE
	EndGlobalSection
	GlobalSection(ExtensibilityGlobals) = postSolution
		SolutionGuid = {F1479DAF-EB23-4674-AB9A-492A3AFD826F}
	EndGlobalSection
EndGlobal
