
Microsoft Visual Studio Solution File, Format Version 12.00
# Visual Studio Version 16
VisualStudioVersion = 16.0.29306.81
MinimumVisualStudioVersion = 10.0.40219.1
Project("{FAE04EC0-301F-11D3-BF4B-00C04F79EFBC}") = "Esercizio ereditarietà 2", "Esercizio ereditarietà 2\Esercizio ereditarietà 2.csproj", "{065B20BB-92E1-404A-B372-D747D0B016AE}"
EndProject
Global
	GlobalSection(SolutionConfigurationPlatforms) = preSolution
		Debug|Any CPU = Debug|Any CPU
		Release|Any CPU = Release|Any CPU
	EndGlobalSection
	GlobalSection(ProjectConfigurationPlatforms) = postSolution
		{065B20BB-92E1-404A-B372-D747D0B016AE}.Debug|Any CPU.ActiveCfg = Debug|Any CPU
		{065B20BB-92E1-404A-B372-D747D0B016AE}.Debug|Any CPU.Build.0 = Debug|Any CPU
		{065B20BB-92E1-404A-B372-D747D0B016AE}.Release|Any CPU.ActiveCfg = Release|Any CPU
		{065B20BB-92E1-404A-B372-D747D0B016AE}.Release|Any CPU.Build.0 = Release|Any CPU
	EndGlobalSection
	GlobalSection(SolutionProperties) = preSolution
		HideSolutionNode = FALSE
	EndGlobalSection
	GlobalSection(ExtensibilityGlobals) = postSolution
		SolutionGuid = {34184A5E-CAC5-430D-8233-9E797FE9ACD6}
	EndGlobalSection
EndGlobal
