
Microsoft Visual Studio Solution File, Format Version 12.00
# Visual Studio Version 16
VisualStudioVersion = 16.0.29306.81
MinimumVisualStudioVersion = 10.0.40219.1
Project("{FAE04EC0-301F-11D3-BF4B-00C04F79EFBC}") = "User Control", "User Control\User Control.csproj", "{24B14A72-14FB-4EFA-BFE7-D92F45F61B87}"
EndProject
Global
	GlobalSection(SolutionConfigurationPlatforms) = preSolution
		Debug|Any CPU = Debug|Any CPU
		Release|Any CPU = Release|Any CPU
	EndGlobalSection
	GlobalSection(ProjectConfigurationPlatforms) = postSolution
		{24B14A72-14FB-4EFA-BFE7-D92F45F61B87}.Debug|Any CPU.ActiveCfg = Debug|Any CPU
		{24B14A72-14FB-4EFA-BFE7-D92F45F61B87}.Debug|Any CPU.Build.0 = Debug|Any CPU
		{24B14A72-14FB-4EFA-BFE7-D92F45F61B87}.Release|Any CPU.ActiveCfg = Release|Any CPU
		{24B14A72-14FB-4EFA-BFE7-D92F45F61B87}.Release|Any CPU.Build.0 = Release|Any CPU
	EndGlobalSection
	GlobalSection(SolutionProperties) = preSolution
		HideSolutionNode = FALSE
	EndGlobalSection
	GlobalSection(ExtensibilityGlobals) = postSolution
		SolutionGuid = {7D06E0FB-69AE-40B1-8367-D75EEC0249B9}
	EndGlobalSection
EndGlobal
