
Microsoft Visual Studio Solution File, Format Version 12.00
# Visual Studio Version 16
VisualStudioVersion = 16.0.29411.108
MinimumVisualStudioVersion = 10.0.40219.1
Project("{FAE04EC0-301F-11D3-BF4B-00C04F79EFBC}") = "Interfacce-1", "Interfacce-1\Interfacce-1.csproj", "{8F2C626F-AB23-468F-BADC-D4C4B3EC1640}"
EndProject
Global
	GlobalSection(SolutionConfigurationPlatforms) = preSolution
		Debug|Any CPU = Debug|Any CPU
		Release|Any CPU = Release|Any CPU
	EndGlobalSection
	GlobalSection(ProjectConfigurationPlatforms) = postSolution
		{8F2C626F-AB23-468F-BADC-D4C4B3EC1640}.Debug|Any CPU.ActiveCfg = Debug|Any CPU
		{8F2C626F-AB23-468F-BADC-D4C4B3EC1640}.Debug|Any CPU.Build.0 = Debug|Any CPU
		{8F2C626F-AB23-468F-BADC-D4C4B3EC1640}.Release|Any CPU.ActiveCfg = Release|Any CPU
		{8F2C626F-AB23-468F-BADC-D4C4B3EC1640}.Release|Any CPU.Build.0 = Release|Any CPU
	EndGlobalSection
	GlobalSection(SolutionProperties) = preSolution
		HideSolutionNode = FALSE
	EndGlobalSection
	GlobalSection(ExtensibilityGlobals) = postSolution
		SolutionGuid = {938BFA3E-26BF-4EED-90A3-B017E6A8BD02}
	EndGlobalSection
EndGlobal
