
Microsoft Visual Studio Solution File, Format Version 12.00
# Visual Studio Version 16
VisualStudioVersion = 16.0.29306.81
MinimumVisualStudioVersion = 10.0.40219.1
Project("{FAE04EC0-301F-11D3-BF4B-00C04F79EFBC}") = "Tresette", "Tresette\Tresette.csproj", "{3154214E-B42C-4D5E-A6F9-EECA480F6AFB}"
EndProject
Global
	GlobalSection(SolutionConfigurationPlatforms) = preSolution
		Debug|Any CPU = Debug|Any CPU
		Release|Any CPU = Release|Any CPU
	EndGlobalSection
	GlobalSection(ProjectConfigurationPlatforms) = postSolution
		{3154214E-B42C-4D5E-A6F9-EECA480F6AFB}.Debug|Any CPU.ActiveCfg = Debug|Any CPU
		{3154214E-B42C-4D5E-A6F9-EECA480F6AFB}.Debug|Any CPU.Build.0 = Debug|Any CPU
		{3154214E-B42C-4D5E-A6F9-EECA480F6AFB}.Release|Any CPU.ActiveCfg = Release|Any CPU
		{3154214E-B42C-4D5E-A6F9-EECA480F6AFB}.Release|Any CPU.Build.0 = Release|Any CPU
	EndGlobalSection
	GlobalSection(SolutionProperties) = preSolution
		HideSolutionNode = FALSE
	EndGlobalSection
	GlobalSection(ExtensibilityGlobals) = postSolution
		SolutionGuid = {8CC22553-2529-4804-95AE-D05036700AFA}
	EndGlobalSection
EndGlobal
