
Microsoft Visual Studio Solution File, Format Version 12.00
# Visual Studio Version 16
VisualStudioVersion = 16.0.29306.81
MinimumVisualStudioVersion = 10.0.40219.1
Project("{FAE04EC0-301F-11D3-BF4B-00C04F79EFBC}") = "Container", "Container\Container.csproj", "{867DC799-2641-4CFB-965A-0A1B88E72EF4}"
EndProject
Global
	GlobalSection(SolutionConfigurationPlatforms) = preSolution
		Debug|Any CPU = Debug|Any CPU
		Release|Any CPU = Release|Any CPU
	EndGlobalSection
	GlobalSection(ProjectConfigurationPlatforms) = postSolution
		{867DC799-2641-4CFB-965A-0A1B88E72EF4}.Debug|Any CPU.ActiveCfg = Debug|Any CPU
		{867DC799-2641-4CFB-965A-0A1B88E72EF4}.Debug|Any CPU.Build.0 = Debug|Any CPU
		{867DC799-2641-4CFB-965A-0A1B88E72EF4}.Release|Any CPU.ActiveCfg = Release|Any CPU
		{867DC799-2641-4CFB-965A-0A1B88E72EF4}.Release|Any CPU.Build.0 = Release|Any CPU
	EndGlobalSection
	GlobalSection(SolutionProperties) = preSolution
		HideSolutionNode = FALSE
	EndGlobalSection
	GlobalSection(ExtensibilityGlobals) = postSolution
		SolutionGuid = {9D493BC2-0136-4D7F-B795-7DFF25DF1C57}
	EndGlobalSection
EndGlobal
