
Microsoft Visual Studio Solution File, Format Version 12.00
# Visual Studio Version 16
VisualStudioVersion = 16.0.29306.81
MinimumVisualStudioVersion = 10.0.40219.1
Project("{FAE04EC0-301F-11D3-BF4B-00C04F79EFBC}") = "PrimoEsDispenseMana-Delegate", "PrimoEsDispenseMana-Delegate\PrimoEsDispenseMana-Delegate.csproj", "{43C7601C-EAD3-4D6E-BA77-7AFAB9479077}"
EndProject
Global
	GlobalSection(SolutionConfigurationPlatforms) = preSolution
		Debug|Any CPU = Debug|Any CPU
		Release|Any CPU = Release|Any CPU
	EndGlobalSection
	GlobalSection(ProjectConfigurationPlatforms) = postSolution
		{43C7601C-EAD3-4D6E-BA77-7AFAB9479077}.Debug|Any CPU.ActiveCfg = Debug|Any CPU
		{43C7601C-EAD3-4D6E-BA77-7AFAB9479077}.Debug|Any CPU.Build.0 = Debug|Any CPU
		{43C7601C-EAD3-4D6E-BA77-7AFAB9479077}.Release|Any CPU.ActiveCfg = Release|Any CPU
		{43C7601C-EAD3-4D6E-BA77-7AFAB9479077}.Release|Any CPU.Build.0 = Release|Any CPU
	EndGlobalSection
	GlobalSection(SolutionProperties) = preSolution
		HideSolutionNode = FALSE
	EndGlobalSection
	GlobalSection(ExtensibilityGlobals) = postSolution
		SolutionGuid = {87D16806-7E8C-4E26-8274-1E7A47EBD010}
	EndGlobalSection
EndGlobal
