
Microsoft Visual Studio Solution File, Format Version 12.00
# Visual Studio Version 16
VisualStudioVersion = 16.0.29306.81
MinimumVisualStudioVersion = 10.0.40219.1
Project("{FAE04EC0-301F-11D3-BF4B-00C04F79EFBC}") = "Utilizzo user control", "Utilizzo user control\Utilizzo user control.csproj", "{44BC00A7-2407-41AB-AB54-E4EC50D71A03}"
EndProject
Global
	GlobalSection(SolutionConfigurationPlatforms) = preSolution
		Debug|Any CPU = Debug|Any CPU
		Release|Any CPU = Release|Any CPU
	EndGlobalSection
	GlobalSection(ProjectConfigurationPlatforms) = postSolution
		{44BC00A7-2407-41AB-AB54-E4EC50D71A03}.Debug|Any CPU.ActiveCfg = Debug|Any CPU
		{44BC00A7-2407-41AB-AB54-E4EC50D71A03}.Debug|Any CPU.Build.0 = Debug|Any CPU
		{44BC00A7-2407-41AB-AB54-E4EC50D71A03}.Release|Any CPU.ActiveCfg = Release|Any CPU
		{44BC00A7-2407-41AB-AB54-E4EC50D71A03}.Release|Any CPU.Build.0 = Release|Any CPU
	EndGlobalSection
	GlobalSection(SolutionProperties) = preSolution
		HideSolutionNode = FALSE
	EndGlobalSection
	GlobalSection(ExtensibilityGlobals) = postSolution
		SolutionGuid = {D8C498EA-69FD-4A31-9D76-4EE54106B5CA}
	EndGlobalSection
EndGlobal
