
Microsoft Visual Studio Solution File, Format Version 12.00
# Visual Studio Version 16
VisualStudioVersion = 16.0.29411.108
MinimumVisualStudioVersion = 10.0.40219.1
Project("{FAE04EC0-301F-11D3-BF4B-00C04F79EFBC}") = "03_MultiformConMenu", "03_MultiformConMenu\03_MultiformConMenu.csproj", "{BD7D539D-F629-4261-96E1-CDD4F4FCEA78}"
EndProject
Global
	GlobalSection(SolutionConfigurationPlatforms) = preSolution
		Debug|Any CPU = Debug|Any CPU
		Release|Any CPU = Release|Any CPU
	EndGlobalSection
	GlobalSection(ProjectConfigurationPlatforms) = postSolution
		{BD7D539D-F629-4261-96E1-CDD4F4FCEA78}.Debug|Any CPU.ActiveCfg = Debug|Any CPU
		{BD7D539D-F629-4261-96E1-CDD4F4FCEA78}.Debug|Any CPU.Build.0 = Debug|Any CPU
		{BD7D539D-F629-4261-96E1-CDD4F4FCEA78}.Release|Any CPU.ActiveCfg = Release|Any CPU
		{BD7D539D-F629-4261-96E1-CDD4F4FCEA78}.Release|Any CPU.Build.0 = Release|Any CPU
	EndGlobalSection
	GlobalSection(SolutionProperties) = preSolution
		HideSolutionNode = FALSE
	EndGlobalSection
	GlobalSection(ExtensibilityGlobals) = postSolution
		SolutionGuid = {C7B6980F-D273-4886-A15A-E73A43909BC1}
	EndGlobalSection
EndGlobal
