
Microsoft Visual Studio Solution File, Format Version 12.00
# Visual Studio Version 16
VisualStudioVersion = 16.0.29411.108
MinimumVisualStudioVersion = 10.0.40219.1
Project("{FAE04EC0-301F-11D3-BF4B-00C04F79EFBC}") = "Interfacce-2", "Interfacce-2\Interfacce-2.csproj", "{2DDEBE71-3FB0-49E9-82C4-9A18A2C5A5C8}"
EndProject
Global
	GlobalSection(SolutionConfigurationPlatforms) = preSolution
		Debug|Any CPU = Debug|Any CPU
		Release|Any CPU = Release|Any CPU
	EndGlobalSection
	GlobalSection(ProjectConfigurationPlatforms) = postSolution
		{2DDEBE71-3FB0-49E9-82C4-9A18A2C5A5C8}.Debug|Any CPU.ActiveCfg = Debug|Any CPU
		{2DDEBE71-3FB0-49E9-82C4-9A18A2C5A5C8}.Debug|Any CPU.Build.0 = Debug|Any CPU
		{2DDEBE71-3FB0-49E9-82C4-9A18A2C5A5C8}.Release|Any CPU.ActiveCfg = Release|Any CPU
		{2DDEBE71-3FB0-49E9-82C4-9A18A2C5A5C8}.Release|Any CPU.Build.0 = Release|Any CPU
	EndGlobalSection
	GlobalSection(SolutionProperties) = preSolution
		HideSolutionNode = FALSE
	EndGlobalSection
	GlobalSection(ExtensibilityGlobals) = postSolution
		SolutionGuid = {C34AF213-0416-4C0B-B5B8-B56F25308D2B}
	EndGlobalSection
EndGlobal
