
Microsoft Visual Studio Solution File, Format Version 12.00
# Visual Studio Version 16
VisualStudioVersion = 16.0.29306.81
MinimumVisualStudioVersion = 10.0.40219.1
Project("{FAE04EC0-301F-11D3-BF4B-00C04F79EFBC}") = "Esercizio in preparazione alla verifca", "Esercizio in preparazione alla verifca\Esercizio in preparazione alla verifca.csproj", "{A424A9D1-D461-4F3C-BC95-745C22A72CF3}"
EndProject
Global
	GlobalSection(SolutionConfigurationPlatforms) = preSolution
		Debug|Any CPU = Debug|Any CPU
		Release|Any CPU = Release|Any CPU
	EndGlobalSection
	GlobalSection(ProjectConfigurationPlatforms) = postSolution
		{A424A9D1-D461-4F3C-BC95-745C22A72CF3}.Debug|Any CPU.ActiveCfg = Debug|Any CPU
		{A424A9D1-D461-4F3C-BC95-745C22A72CF3}.Debug|Any CPU.Build.0 = Debug|Any CPU
		{A424A9D1-D461-4F3C-BC95-745C22A72CF3}.Release|Any CPU.ActiveCfg = Release|Any CPU
		{A424A9D1-D461-4F3C-BC95-745C22A72CF3}.Release|Any CPU.Build.0 = Release|Any CPU
	EndGlobalSection
	GlobalSection(SolutionProperties) = preSolution
		HideSolutionNode = FALSE
	EndGlobalSection
	GlobalSection(ExtensibilityGlobals) = postSolution
		SolutionGuid = {435B2101-7CA8-4B55-B2BC-952CD7A38DD5}
	EndGlobalSection
EndGlobal
