
Microsoft Visual Studio Solution File, Format Version 12.00
# Visual Studio Version 16
VisualStudioVersion = 16.0.29306.81
MinimumVisualStudioVersion = 10.0.40219.1
Project("{FAE04EC0-301F-11D3-BF4B-00C04F79EFBC}") = "Esercizio di prova random", "Esercizio di prova random\Esercizio di prova random.csproj", "{0E5358A0-4CCB-47D3-9988-DA8EFE4A74E8}"
EndProject
Global
	GlobalSection(SolutionConfigurationPlatforms) = preSolution
		Debug|Any CPU = Debug|Any CPU
		Release|Any CPU = Release|Any CPU
	EndGlobalSection
	GlobalSection(ProjectConfigurationPlatforms) = postSolution
		{0E5358A0-4CCB-47D3-9988-DA8EFE4A74E8}.Debug|Any CPU.ActiveCfg = Debug|Any CPU
		{0E5358A0-4CCB-47D3-9988-DA8EFE4A74E8}.Debug|Any CPU.Build.0 = Debug|Any CPU
		{0E5358A0-4CCB-47D3-9988-DA8EFE4A74E8}.Release|Any CPU.ActiveCfg = Release|Any CPU
		{0E5358A0-4CCB-47D3-9988-DA8EFE4A74E8}.Release|Any CPU.Build.0 = Release|Any CPU
	EndGlobalSection
	GlobalSection(SolutionProperties) = preSolution
		HideSolutionNode = FALSE
	EndGlobalSection
	GlobalSection(ExtensibilityGlobals) = postSolution
		SolutionGuid = {D80E430A-0672-41EF-9533-F6D1F1677467}
	EndGlobalSection
EndGlobal
