
Microsoft Visual Studio Solution File, Format Version 12.00
# Visual Studio Version 16
VisualStudioVersion = 16.0.29306.81
MinimumVisualStudioVersion = 10.0.40219.1
Project("{FAE04EC0-301F-11D3-BF4B-00C04F79EFBC}") = "15 - Interfacce IComparer", "15 - Interfacce IComparer\15 - Interfacce IComparer.csproj", "{11B4475D-78BD-42DD-8A9A-122C209793D2}"
EndProject
Global
	GlobalSection(SolutionConfigurationPlatforms) = preSolution
		Debug|Any CPU = Debug|Any CPU
		Release|Any CPU = Release|Any CPU
	EndGlobalSection
	GlobalSection(ProjectConfigurationPlatforms) = postSolution
		{11B4475D-78BD-42DD-8A9A-122C209793D2}.Debug|Any CPU.ActiveCfg = Debug|Any CPU
		{11B4475D-78BD-42DD-8A9A-122C209793D2}.Debug|Any CPU.Build.0 = Debug|Any CPU
		{11B4475D-78BD-42DD-8A9A-122C209793D2}.Release|Any CPU.ActiveCfg = Release|Any CPU
		{11B4475D-78BD-42DD-8A9A-122C209793D2}.Release|Any CPU.Build.0 = Release|Any CPU
	EndGlobalSection
	GlobalSection(SolutionProperties) = preSolution
		HideSolutionNode = FALSE
	EndGlobalSection
	GlobalSection(ExtensibilityGlobals) = postSolution
		SolutionGuid = {C892624E-478C-4943-A999-28D576EA8523}
	EndGlobalSection
EndGlobal
