
Microsoft Visual Studio Solution File, Format Version 12.00
# Visual Studio Version 16
VisualStudioVersion = 16.0.29306.81
MinimumVisualStudioVersion = 10.0.40219.1
Project("{FAE04EC0-301F-11D3-BF4B-00C04F79EFBC}") = "Ripasso su property get set", "Ripasso su property get set\Ripasso su property get set.csproj", "{A41C1EE0-0EB9-417D-9EE1-5B49888867D1}"
EndProject
Global
	GlobalSection(SolutionConfigurationPlatforms) = preSolution
		Debug|Any CPU = Debug|Any CPU
		Release|Any CPU = Release|Any CPU
	EndGlobalSection
	GlobalSection(ProjectConfigurationPlatforms) = postSolution
		{A41C1EE0-0EB9-417D-9EE1-5B49888867D1}.Debug|Any CPU.ActiveCfg = Debug|Any CPU
		{A41C1EE0-0EB9-417D-9EE1-5B49888867D1}.Debug|Any CPU.Build.0 = Debug|Any CPU
		{A41C1EE0-0EB9-417D-9EE1-5B49888867D1}.Release|Any CPU.ActiveCfg = Release|Any CPU
		{A41C1EE0-0EB9-417D-9EE1-5B49888867D1}.Release|Any CPU.Build.0 = Release|Any CPU
	EndGlobalSection
	GlobalSection(SolutionProperties) = preSolution
		HideSolutionNode = FALSE
	EndGlobalSection
	GlobalSection(ExtensibilityGlobals) = postSolution
		SolutionGuid = {8D4D7EEC-863B-4F21-B5F2-2840A3A43A8B}
	EndGlobalSection
EndGlobal
